{
  "name": "test",
  "version": "1.0.0",
  "lockfileVersion": 3,
  "requires": true,
  "packages": {
    "": {
      "name": "test",
      "version": "1.0.0",
      "license": "ISC",
      "dependencies": {
        "node-microphone": "^0.1.6"
      }
    },
    "node_modules/node-microphone": {
      "version": "0.1.6",
      "resolved": "https://registry.npmjs.org/node-microphone/-/node-microphone-0.1.6.tgz",
      "integrity": "sha512-5229wtpVYNU2gR8zpkABVSdp4wT9qagJgj6pELEIkAVbOXFmaCM35qN3z4ylu3OwFfEKqQ4h9u8Lb58DzaBieQ==",
      "license": "MIT",
      "engines": {
        "node": ">=4.0"
      }
    }
  }
}
